{
    "_meta": {
        "hash": {
            "sha256": "d835e149926fb4b078a0a61d03fe12e515704ea2b7c68c4a56628c615dcab7cb"
        },
        "pipfile-spec": 6,
        "requires": {
            "python_version": "3.5"
        },
        "sources": [
            {
                "url": "https://pypi.python.org/simple",
                "verify_ssl": true
            }
        ]
    },
    "default": {
        "amqp": {
            "hashes": [
                "sha256:2dea4d16d073c902c3b89d9b96620fb6729ac0f7a923bbc777cb4ad827c0c61a",
                "sha256:e0ed0ce6b8ffe5690a2e856c7908dc557e0e605283d6885dd1361d79f2928908"
            ],
            "version": "==1.4.9"
        },
        "anyjson": {
            "hashes": [
                "sha256:37812d863c9ad3e35c0734c42e0bf0320ce8c3bed82cd20ad54cb34d158157ba"
            ],
            "version": "==0.3.3"
        },
        "audioread": {
            "hashes": [
                "sha256:073904fabc842881e07bd3e4a5776623535562f70b1655b635d22886168dd168"
            ],
            "version": "==2.1.8"
        },
        "billiard": {
            "hashes": [
                "sha256:204e75d390ef8f839c30a93b696bd842c3941916e15921745d05edc2a83868ab",
                "sha256:23cb71472712e96bff3e0d45763b7b8a99e5040385fffb96816028352c255682",
                "sha256:692a2a5a55ee39a42bcb7557930e2541da85df9ea81c6e24827f63b80cd39d0b",
                "sha256:82041dbaa62f7fde1464d7ab449978618a38b241b40c0d31dafabb36446635dc",
                "sha256:958fc9f8fd5cc9b936b2cb9d96f02aa5ec3613ba13ee7f089c77ff0bcc368fac",
                "sha256:c0cbe8d45ba8d8213ad68ef9a1881002a151569c9424d551634195a18c3a4160",
                "sha256:ccfe0419eb5e49f27ad35cf06e75360af903df6d576c66cb8073246d4e023e5c",
                "sha256:d4d2fed1a251ea58eed47b48db3778ebb92f5ff4407dc91869c6f41c3a9249d0"
            ],
            "version": "==3.3.0.23"
        },
        "celery": {
            "hashes": [
                "sha256:5493e172ae817b81ba7d09443ada114886765a8ce02f16a56e6fac68d953a9b2",
                "sha256:60211897aee321266ff043fe2b33eaac825dfe9f46843cf964fc97507a186334"
            ],
            "version": "==3.1.26.post2"
        },
        "certifi": {
            "hashes": [
                "sha256:1d987a998c75633c40847cc966fcf5904906c920a7f17ef374f5aa4282abd304",
                "sha256:51fcb31174be6e6664c5f69e3e1691a2d72a1a12e90f872cbdb1567eb47b6519"
            ],
            "version": "==2020.4.5.1"
        },
        "chardet": {
            "hashes": [
                "sha256:84ab92ed1c4d4f16916e05906b6b75a6c0fb5db821cc65e70cbd64a3e2a5eaae",
                "sha256:fc323ffcaeaed0e0a02bf4d117757b98aed530d9ed4531e3e15460124c106691"
            ],
            "version": "==3.0.4"
        },
        "decorator": {
            "hashes": [
                "sha256:41fa54c2a0cc4ba648be4fd43cff00aedf5b9465c9bf18d64325bc225f08f760",
                "sha256:e3a62f0520172440ca0dcc823749319382e377f37f140a0b99ef45fecb84bfe7"
            ],
            "version": "==4.4.2"
        },
        "dj-database-url": {
            "hashes": [
                "sha256:4aeaeb1f573c74835b0686a2b46b85990571159ffc21aa57ecd4d1e1cb334163",
                "sha256:851785365761ebe4994a921b433062309eb882fedd318e1b0fcecc607ed02da9"
            ],
            "version": "==0.5.0"
        },
        "django": {
            "hashes": [
                "sha256:84f370f6acedbe1f3c41e1a02de44ac206efda3355e427139ecb785b5f596d80",
                "sha256:e8fe3c2b2212dce6126becab7a693157f1a441a07b62ec994c046c76af5bb66d"
            ],
            "version": "==2.2.13"
        },
        "django-audiofield": {
            "hashes": [
                "sha256:5907716890abe233f2d4e7c8d1b5a3c516357203cc016ac95b45acedfa8043d1"
            ],
            "version": "==0.10.0"
        },
        "django-celery": {
            "hashes": [
                "sha256:1450264db5ec58e45f3f20d8d361e696920352f62481bf56047288cdb38bcc0b",
                "sha256:aaba492bf7777f231ec6b02c80aa3ea68758c39f4723864dd4164589b99ad703"
            ],
            "version": "==3.2.2"
        },
        "django-heroku": {
            "hashes": [
                "sha256:2bc690aab89eedbe01311752320a9a12e7548e3b0ed102681acc5736a41a4762",
                "sha256:6af4bc3ae4a9b55eaad6dbe5164918982d2762661aebc9f83d9fa49f6009514e"
            ],
            "version": "==0.3.1"
        },
        "dtw": {
            "hashes": [
                "sha256:159239c3408d4a28343e42c26347f26231effd73b032b4a8c2487848aa2bc6b1"
            ],
            "version": "==1.3"
        },
        "gunicorn": {
            "hashes": [
                "sha256:eb8d8924b117a609fae9f8cd85df0cad3535dd613fdbcdbba3ee88d5459f1d4f",
                "sha256:f5ca088d029fe3cea166c59bb43b7ccc9c850fe25af3da61350fe712c5cc5aa2"
            ],
            "version": "==19.8.0"
        },
        "idna": {
            "hashes": [
                "sha256:2c6a5de3089009e3da7c5dde64a141dbc8551d5b7f6cf4ed7c2568d0cc520a8f",
                "sha256:8c7309c718f94b3a625cb648ace320157ad16ff131ae0af362c9f21b80ef6ec4"
            ],
            "version": "==2.6"
        },
        "joblib": {
            "hashes": [
                "sha256:0630eea4f5664c463f23fbf5dcfc54a2bc6168902719fa8e19daf033022786c8",
                "sha256:bdb4fd9b72915ffb49fde2229ce482dd7ae79d842ed8c2b4c932441495af1403"
            ],
            "version": "==0.14.1"
        },
        "kombu": {
            "hashes": [
                "sha256:7ceab743e3e974f3e5736082e8cc514c009e254e646d6167342e0e192aee81a6",
                "sha256:e064a00c66b4d1058cd2b0523fb8d98c82c18450244177b6c0f7913016642650"
            ],
            "version": "==3.0.37"
        },
        "librosa": {
            "hashes": [
                "sha256:65b5169f4980a1ae73a7c82ac77ae11614ce3654d1f5df9af1dc0b09181b46fe"
            ],
            "version": "==0.6.0"
        },
        "llvmlite": {
            "hashes": [
                "sha256:24bae99cca872ae7792d3a92a9a98bbd99dc667687ef1787424f79a5e88e703f",
                "sha256:297e32bb0987fca4888c9d518bf3ee2c89a385bc3466d6ee8c1f2ef75182fc76",
                "sha256:35d31e7f3195fac6c7c3eaccdeab07c14b66e5f82612d9ddcea67943a6c618dc",
                "sha256:37bc22d119ade63ac0f8706d507b41f0802fc9ca48203de49455041c0b73c900",
                "sha256:41262a47b8cbba5a09203b15b65fbdf11192f92aa226c81e99115acdee8f3b8d",
                "sha256:45dfb187d4c26e00be061742fc0c541f196495edc663b163f1b8fbeb695709c3",
                "sha256:56883969d54d42b14f797c7f9cfe3acf224c9919d027e633470ad8e8d12a18ce",
                "sha256:60d2bf71606a3be77ca1fcfac8c359ebb760b1a83c1822f650f2c1fd1e49f982",
                "sha256:6f63ee20976deed2126468f02959fedd66060740f8d723665816c6ff35eca28c",
                "sha256:7a739c86a4cb57d8cfde086a33e13145a4d58c84991a4f8d3b8cd966bcfe4748",
                "sha256:811c9bc7ba4a8c11f9d6925ea3aba9259786e89f4cecd93b6915e5f5cb5aec40",
                "sha256:a1598c7ce5077ae557a1cb3a82bff46edd3068293d83ba3634fd10e210c5bba7",
                "sha256:a914e2ac2e83442f0d2a23530aed2a8dcdad52170b864554bc29af36f44a9c3f",
                "sha256:e8a50067a7f62cc2fbff230e8b35b18d709e55849ab57d8da56f45487224b27e",
                "sha256:f8f9c437f3b0308d27d089f4e3e039327f803b1c29f383f63d69093f519e9f64",
                "sha256:fb0b94d5d3db37049956e113789af330d382b4c7df31288a763de283a2d5e72a"
            ],
            "version": "==0.32.1"
        },
        "numba": {
            "hashes": [
                "sha256:04076e70df1469eae7252efb7761278d8abaa31d2ea8b036faa9dc9279963b7a",
                "sha256:0c026b7a69a2af3d40bd8c1f8edbe9452924f630b84cc65db9262253db5ddb1a",
                "sha256:0f0d478d6c63dead35667ffae4eadc8985fbb768ea4de1ca8ac3813330eb3b32",
                "sha256:17ce951d95c7ae26b92cab0c7fa5d848076743d411855c1c1a6c6610597630c5",
                "sha256:27fea559144546af60a172fcfd7af44d5af1cd394b1121765e1ebb0cab8cb302",
                "sha256:47ec1eeb5b7d0abdc7e8ca94614e38b2dee7167a284436484db0743442c8eac8",
                "sha256:4af540bd746ab80b027d6c80220525c022bb35fdb283d84172202036aa7d6895",
                "sha256:518426a4e5ba6db25551ea340e37e26b36880744b0784bae55922fc9ac3d75eb",
                "sha256:53da60a15415baffb2681cd6dc71c3d4525b309359ed274a7b42c80b183536ca",
                "sha256:60a6559e8a1cce6f25393fd44a25b5881daba547fbbe47d3731172ca4ad7de02",
                "sha256:6a36ad25646460849af212014ef75a9dc8b6b19f12963026201ce0f5195ce5c9",
                "sha256:6bd0224debefb555a8c04b264f826889ae8a8c69b62669293cbb3381aedd2d73",
                "sha256:9f4ca9fd6868d1567e24aae779c81d0d911366087a1fa90c29284797f7642454",
                "sha256:a15c9641b1848f9d82ac4519e785ecd555a220b52db58acefea1384853c98300",
                "sha256:a98031f361ee7d27b1366a91b680f5bd4f5f600c7c987c1acf830a72cc07a9bf",
                "sha256:ad51c2b31d88ae063588db22cb88a307e84cc02e0808238c8d8ed951b8496f1c",
                "sha256:b08672fb5f46a820599a1d221ee8ef307f0d29ef34a89d589884ca2055ddfea3",
                "sha256:c0703df0a0ea2e29fbef7937d9849cc4734253066cb5820c5d6e0851876e3b0a",
                "sha256:c7fdc57dde995d3e92b9e5c03817eba5e68705a8428c98ec142ac205bb94a5f5",
                "sha256:cfd5894aed844303645dbbca6142c5b0e742dd91ccce41a85597e9cae9b13252",
                "sha256:e009d23fcfe7a5d2020ac4e72ba551d41e9c66d8e9768abdc30c331458d93690",
                "sha256:f7c1c99a6767d42375acb9325f9a1093f176e7a6b4dc7eb82e48b5a3a33daa8c",
                "sha256:fb03e4bf267457dc4099e256780b0d6ebe41ee8993cd99510c810fa005c3aeb1",
                "sha256:ff1286406061fa3a884a94d30b31b3dc4250d834553fdc02589be4cfee97bfdd"
            ],
            "version": "==0.47.0"
        },
        "numpy": {
            "hashes": [
                "sha256:0172304e7d8d40e9e49553901903dc5f5a49a703363ed756796f5808a06fc233",
                "sha256:34e96e9dae65c4839bd80012023aadd6ee2ccb73ce7fdf3074c62f301e63120b",
                "sha256:3676abe3d621fc467c4c1469ee11e395c82b2d6b5463a9454e37fe9da07cd0d7",
                "sha256:3dd6823d3e04b5f223e3e265b4a1eae15f104f4366edd409e5a5e413a98f911f",
                "sha256:4064f53d4cce69e9ac613256dc2162e56f20a4e2d2086b1956dd2fcf77b7fac5",
                "sha256:4674f7d27a6c1c52a4d1aa5f0881f1eff840d2206989bae6acb1c7668c02ebfb",
                "sha256:7d42ab8cedd175b5ebcb39b5208b25ba104842489ed59fbb29356f671ac93583",
                "sha256:965df25449305092b23d5145b9bdaeb0149b6e41a77a7d728b1644b3c99277c1",
                "sha256:9c9d6531bc1886454f44aa8f809268bc481295cf9740827254f53c30104f074a",
                "sha256:a78e438db8ec26d5d9d0e584b27ef25c7afa5a182d1bf4d05e313d2d6d515271",
                "sha256:a7acefddf994af1aeba05bbbafe4ba983a187079f125146dc5859e6d817df824",
                "sha256:a87f59508c2b7ceb8631c20630118cc546f1f815e034193dc72390db038a5cb3",
                "sha256:ac792b385d81151bae2a5a8adb2b88261ceb4976dbfaaad9ce3a200e036753dc",
                "sha256:b03b2c0badeb606d1232e5f78852c102c0a7989d3a534b3129e7856a52f3d161",
                "sha256:b39321f1a74d1f9183bf1638a745b4fd6fe80efbb1f6b32b932a588b4bc7695f",
                "sha256:cae14a01a159b1ed91a324722d746523ec757357260c6804d11d6147a9e53e3f",
                "sha256:cd49930af1d1e49a812d987c2620ee63965b619257bd76eaaa95870ca08837cf",
                "sha256:e15b382603c58f24265c9c931c9a45eebf44fe2e6b4eaedbb0d025ab3255228b",
                "sha256:e91d31b34fc7c2c8f756b4e902f901f856ae53a93399368d9a0dc7be17ed2ca0",
                "sha256:ef627986941b5edd1ed74ba89ca43196ed197f1a206a3f18cc9faf2fb84fd675",
                "sha256:f718a7949d1c4f622ff548c572e0c03440b49b9531ff00e4ed5738b459f011e8"
            ],
            "version": "==1.18.5"
        },
        "psycopg2": {
            "hashes": [
                "sha256:132efc7ee46a763e68a815f4d26223d9c679953cd190f1f218187cb60decf535",
                "sha256:2327bf42c1744a434ed8ed0bbaa9168cac7ee5a22a9001f6fc85c33b8a4a14b7",
                "sha256:27c633f2d5db0fc27b51f1b08f410715b59fa3802987aec91aeb8f562724e95c",
                "sha256:2c0afb40cfb4d53487ee2ebe128649028c9a78d2476d14a67781e45dc287f080",
                "sha256:2df2bf1b87305bd95eb3ac666ee1f00a9c83d10927b8144e8e39644218f4cf81",
                "sha256:440a3ea2c955e89321a138eb7582aa1d22fe286c7d65e26a2c5411af0a88ae72",
                "sha256:6a471d4d2a6f14c97a882e8d3124869bc623f3df6177eefe02994ea41fd45b52",
                "sha256:6b306dae53ec7f4f67a10942cf8ac85de930ea90e9903e2df4001f69b7833f7e",
                "sha256:a0984ff49e176062fcdc8a5a2a670c9bb1704a2f69548bce8f8a7bad41c661bf",
                "sha256:ac5b23d0199c012ad91ed1bbb971b7666da651c6371529b1be8cbe2a7bf3c3a9",
                "sha256:acf56d564e443e3dea152efe972b1434058244298a94348fc518d6dd6a9fb0bb",
                "sha256:d3b29d717d39d3580efd760a9a46a7418408acebbb784717c90d708c9ed5f055",
                "sha256:f7d46240f7a1ae1dd95aab38bd74f7428d46531f69219954266d669da60c0818"
            ],
            "version": "==2.8.5"
        },
        "pytz": {
            "hashes": [
                "sha256:a494d53b6d39c3c6e44c3bec237336e14305e4f29bbf800b599253057fbb79ed",
                "sha256:c35965d010ce31b23eeb663ed3cc8c906275d6be1a34393a1d73a41febf4a048"
            ],
            "version": "==2020.1"
        },
        "requests": {
            "hashes": [
                "sha256:6a1b267aa90cac58ac3a765d067950e7dbbf75b1da07e895d1f594193a40a38b",
                "sha256:9c443e7324ba5b85070c4a818ade28bfabedf16ea10206da1132edaa6dda237e"
            ],
            "version": "==2.18.4"
        },
        "resampy": {
            "hashes": [
                "sha256:62af020d8a6674d8117f62320ce9470437bb1d738a5d06cd55591b69b463929e"
            ],
            "version": "==0.2.2"
        },
        "scikit-learn": {
            "hashes": [
                "sha256:1bf45e62799b6938357cfce19f72e3751448c4b27010e4f98553da669b5bbd86",
                "sha256:267ad874b54c67b479c3b45eb132ef4a56ab2b27963410624a413a4e2a3fc388",
                "sha256:2d1bb83d6c51a81193d8a6b5f31930e2959c0e1019d49bdd03f54163735dae4b",
                "sha256:349ba3d837fb3f7cb2b91486c43713e4b7de17f9e852f165049b1b7ac2f81478",
                "sha256:3f4d8eea3531d3eaf613fa33f711113dfff6021d57a49c9d319af4afb46f72f0",
                "sha256:4990f0e166292d2a0f0ee528233723bcfd238bfdb3ec2512a9e27f5695362f35",
                "sha256:57538d138ba54407d21e27c306735cbd42a6aae0df6a5a30c7a6edde46b0017d",
                "sha256:5b722e8bb708f254af028dc2da86d23df5371cba57e24f889b672e7b15423caa",
                "sha256:6043e2c4ccfc68328c331b0fc19691be8fb02bd76d694704843a23ad651de902",
                "sha256:672ea38eb59b739a8907ec063642b486bcb5a2073dda5b72b7983eeaf1fd67c1",
                "sha256:73207dca6e70f8f611f28add185cf3a793c8232a1722f21d82259560dc35cd50",
                "sha256:83fc104a799cb340054e485c25dfeee712b36f5638fb374eba45a9db490f16ff",
                "sha256:8416150ab505f1813da02cdbdd9f367b05bfc75cf251235015bb09f8674358a0",
                "sha256:84e759a766c315deb5c85139ff879edbb0aabcddb9358acf499564ed1c21e337",
                "sha256:8ed66ab27b3d68e57bb1f315fc35e595a5c4a1f108c3420943de4d18fc40e615",
                "sha256:a7f8aa93f61aaad080b29a9018db93ded0586692c03ddf2122e47dd1d3a14e1b",
                "sha256:ddd3bf82977908ff69303115dd5697606e669d8a7eafd7d83bb153ef9e11bd5e",
                "sha256:de9933297f8659ee3bb330eafdd80d74cd73d5dab39a9026b65a4156bc479063",
                "sha256:ea91a70a992ada395efc3d510cf011dc2d99dc9037bb38cd1cb00e14745005f5",
                "sha256:eb4c9f0019abb374a2e55150f070a333c8f990b850d1eb4dfc2765fc317ffc7c",
                "sha256:ffce8abfdcd459e72e5b91727b247b401b22253cbd18d251f842a60e26262d6f"
            ],
            "version": "==0.22.2.post1"
        },
        "scipy": {
            "hashes": [
                "sha256:00af72998a46c25bdb5824d2b729e7dabec0c765f9deb0b504f928591f5ff9d4",
                "sha256:0902a620a381f101e184a958459b36d3ee50f5effd186db76e131cbefcbb96f7",
                "sha256:1e3190466d669d658233e8a583b854f6386dd62d655539b77b3fa25bfb2abb70",
                "sha256:2cce3f9847a1a51019e8c5b47620da93950e58ebc611f13e0d11f4980ca5fecb",
                "sha256:3092857f36b690a321a662fe5496cb816a7f4eecd875e1d36793d92d3f884073",
                "sha256:386086e2972ed2db17cebf88610aab7d7f6e2c0ca30042dc9a89cf18dcc363fa",
                "sha256:71eb180f22c49066f25d6df16f8709f215723317cc951d99e54dc88020ea57be",
                "sha256:770254a280d741dd3436919d47e35712fb081a6ff8bafc0f319382b954b77802",
                "sha256:787cc50cab3020a865640aba3485e9fbd161d4d3b0d03a967df1a2881320512d",
                "sha256:8a07760d5c7f3a92e440ad3aedcc98891e915ce857664282ae3c0220f3301eb6",
                "sha256:8d3bc3993b8e4be7eade6dcc6fd59a412d96d3a33fa42b0fa45dc9e24495ede9",
                "sha256:9508a7c628a165c2c835f2497837bf6ac80eb25291055f56c129df3c943cbaf8",
                "sha256:a144811318853a23d32a07bc7fd5561ff0cac5da643d96ed94a4ffe967d89672",
                "sha256:a1aae70d52d0b074d8121333bc807a485f9f1e6a69742010b33780df2e60cfe0",
                "sha256:a2d6df9eb074af7f08866598e4ef068a2b310d98f87dc23bd1b90ec7bdcec802",
                "sha256:bb517872058a1f087c4528e7429b4a44533a902644987e7b2fe35ecc223bc408",
                "sha256:c5cac0c0387272ee0e789e94a570ac51deb01c796b37fb2aad1fb13f85e2f97d",
                "sha256:cc971a82ea1170e677443108703a2ec9ff0f70752258d0e9f5433d00dda01f59",
                "sha256:dba8306f6da99e37ea08c08fef6e274b5bf8567bb094d1dbe86a20e532aca088",
                "sha256:dc60bb302f48acf6da8ca4444cfa17d52c63c5415302a9ee77b3b21618090521",
                "sha256:dee1bbf3a6c8f73b6b218cb28eed8dd13347ea2f87d572ce19b289d6fd3fbc59"
            ],
            "version": "==1.4.1"
        },
        "six": {
            "hashes": [
                "sha256:30639c035cdb23534cd4aa2dd52c3bf48f06e5f4a941509c8bafd8ce11080259",
                "sha256:8b74bedcbbbaca38ff6d7491d76f2b06b3592611af620f8426e82dddb04a5ced"
            ],
            "version": "==1.15.0"
        },
        "sqlparse": {
            "hashes": [
                "sha256:022fb9c87b524d1f7862b3037e541f68597a730a8843245c349fc93e1643dc4e",
                "sha256:e162203737712307dfe78860cc56c8da8a852ab2ee33750e33aeadf38d12c548"
            ],
            "version": "==0.3.1"
        },
        "urllib3": {
            "hashes": [
                "sha256:06330f386d6e4b195fbfc736b297f58c5a892e4440e54d294d7004e3a9bbea1b",
                "sha256:cc44da8e1145637334317feebd728bd869a35285b93cbb4cca2577da7e62db4f"
            ],
            "version": "==1.22"
        },
        "whitenoise": {
            "hashes": [
                "sha256:60154b976a13901414a25b0273a841145f77eb34a141f9ae032a0ace3e4d5b27",
                "sha256:6dd26bfda3af29177d8ab7333a0c7b7642eb615ce83764f4d15a9aecda3201c4"
            ],
            "version": "==5.1.0"
        }
    },
    "develop": {}
}
